
Microsoft Visual Studio Solution File, Format Version 12.00
# Visual Studio Version 16
VisualStudioVersion = 16.0.31105.61
MinimumVisualStudioVersion = 15.0.26124.0
Project("{2150E333-8FDC-42A3-9474-1A3956D46DE8}") = "Solution Items", "Solution Items", "{D27F79C7-7768-4307-8EAA-64B449629A67}"
	ProjectSection(SolutionItems) = preProject
		.gitattributes = .gitattributes
		.gitignore = .gitignore
		alrev-intl.snk = alrev-intl.snk
		CODE_OF_CONDUCT.md = CODE_OF_CONDUCT.md
		CONTRIBUTING.md = CONTRIBUTING.md
		icon.png = icon.png
		LICENSE = LICENSE
		package.json = package.json
		README.md = README.md
		switcher.json = switcher.json
	EndProjectSection
EndProject
Project("{2150E333-8FDC-42A3-9474-1A3956D46DE8}") = "tests", "tests", "{6E99FB7A-8DBD-4629-84F5-CDFF52315F7C}"
EndProject
Project("{2150E333-8FDC-42A3-9474-1A3956D46DE8}") = "scripts", "scripts", "{2A7316AF-04F9-4F50-8777-7D20AF5DCB0B}"
	ProjectSection(SolutionItems) = preProject
		scripts\cldr-list.csx = scripts\cldr-list.csx
		scripts\cldr-plural-rules.csx = scripts\cldr-plural-rules.csx
		scripts\cldr-relative-time.csx = scripts\cldr-relative-time.csx
	EndProjectSection
EndProject
Project("{2150E333-8FDC-42A3-9474-1A3956D46DE8}") = "handlebar", "handlebar", "{F4584F8C-CD5B-4E1C-B398-12AD345F5401}"
	ProjectSection(SolutionItems) = preProject
		scripts\handlebar\auto-generated.hbs = scripts\handlebar\auto-generated.hbs
		scripts\handlebar\resource-localizer-tests-collection-definition.hbs = scripts\handlebar\resource-localizer-tests-collection-definition.hbs
		scripts\handlebar\resource-localizer-tests-fixture.hbs = scripts\handlebar\resource-localizer-tests-fixture.hbs
		scripts\handlebar\resource-localizer-tests.hbs = scripts\handlebar\resource-localizer-tests.hbs
		scripts\handlebar\resource-localizer.hbs = scripts\handlebar\resource-localizer.hbs
	EndProjectSection
EndProject
Project("{2150E333-8FDC-42A3-9474-1A3956D46DE8}") = "shared", "shared", "{9C7B3031-D493-4809-BB07-CCCD2BEF47E4}"
	ProjectSection(SolutionItems) = preProject
		scripts\shared\base-command.csx = scripts\shared\base-command.csx
		scripts\shared\extensions.csx = scripts\shared\extensions.csx
		scripts\shared\plural-rules-extensions.csx = scripts\shared\plural-rules-extensions.csx
	EndProjectSection
EndProject
Project("{2150E333-8FDC-42A3-9474-1A3956D46DE8}") = ".github", ".github", "{C705CF88-78B8-4261-961C-A58D605D0C24}"
	ProjectSection(SolutionItems) = preProject
		.github\dependabot.yml = .github\dependabot.yml
	EndProjectSection
EndProject
Project("{2150E333-8FDC-42A3-9474-1A3956D46DE8}") = "workflows", "workflows", "{4AB697CC-905C-4C67-9EB5-7CCBE7066A49}"
	ProjectSection(SolutionItems) = preProject
		.github\workflows\alrev-intl-package.yml = .github\workflows\alrev-intl-package.yml
		.github\workflows\build-develop.yml = .github\workflows\build-develop.yml
		.github\workflows\build-master.yml = .github\workflows\build-master.yml
		.github\workflows\codeql-analysis.yml = .github\workflows\codeql-analysis.yml
	EndProjectSection
EndProject
Project("{2150E333-8FDC-42A3-9474-1A3956D46DE8}") = "plural-rules", "plural-rules", "{F15DAE28-D26B-4F57-8347-CB60C8ACB925}"
	ProjectSection(SolutionItems) = preProject
		scripts\handlebar\plural-rules\plural-rules-resource-tests.hbs = scripts\handlebar\plural-rules\plural-rules-resource-tests.hbs
		scripts\handlebar\plural-rules\plural-rules-resource.hbs = scripts\handlebar\plural-rules\plural-rules-resource.hbs
	EndProjectSection
EndProject
Project("{2150E333-8FDC-42A3-9474-1A3956D46DE8}") = "relative-time", "relative-time", "{904C4DFA-0425-446F-9D40-3036DA979091}"
	ProjectSection(SolutionItems) = preProject
		scripts\handlebar\relative-time\relative-time-resource.hbs = scripts\handlebar\relative-time\relative-time-resource.hbs
	EndProjectSection
EndProject
Project("{9A19103F-16F7-4668-BE54-9A1E7A4F7556}") = "Alrev.Intl.RelativeTime.Tests", "tests\Alrev.Intl.RelativeTime.Tests\Alrev.Intl.RelativeTime.Tests.csproj", "{2DCC52E1-526F-4650-8077-B8405015D2B7}"
EndProject
Project("{2150E333-8FDC-42A3-9474-1A3956D46DE8}") = "packages", "packages", "{1C7E5512-C051-4BC0-9B7F-0E994E5EB099}"
EndProject
Project("{9A19103F-16F7-4668-BE54-9A1E7A4F7556}") = "Alrev.Intl.Abstractions", "packages\Alrev.Intl.Abstractions\Alrev.Intl.Abstractions.csproj", "{E7D1589E-1339-4188-859F-9ABBDDB34978}"
EndProject
Project("{9A19103F-16F7-4668-BE54-9A1E7A4F7556}") = "Alrev.Intl.PluralRules", "packages\Alrev.Intl.PluralRules\Alrev.Intl.PluralRules.csproj", "{88C0A00C-47DE-4DFE-BED6-27EF398C4939}"
EndProject
Project("{9A19103F-16F7-4668-BE54-9A1E7A4F7556}") = "Alrev.Intl.RelativeTime", "packages\Alrev.Intl.RelativeTime\Alrev.Intl.RelativeTime.csproj", "{83CBAF59-8E1C-4F91-BCC0-3F4063516747}"
EndProject
Project("{2150E333-8FDC-42A3-9474-1A3956D46DE8}") = "ISSUE_TEMPLATE", "ISSUE_TEMPLATE", "{A074844E-6AC9-4CE9-8FF0-69B7AE420C1A}"
	ProjectSection(SolutionItems) = preProject
		.github\ISSUE_TEMPLATE\bug_report.md = .github\ISSUE_TEMPLATE\bug_report.md
		.github\ISSUE_TEMPLATE\feature_request.md = .github\ISSUE_TEMPLATE\feature_request.md
	EndProjectSection
EndProject
Project("{9A19103F-16F7-4668-BE54-9A1E7A4F7556}") = "Alrev.Intl.PluralRules.DependencyInjection", "packages\Alrev.Intl.PluralRules.DependencyInjection\Alrev.Intl.PluralRules.DependencyInjection.csproj", "{B3D1FF8E-9366-4140-A2D2-E9FC9A971D2A}"
EndProject
Project("{9A19103F-16F7-4668-BE54-9A1E7A4F7556}") = "Alrev.Intl.RelativeTime.DependencyInjection", "packages\Alrev.Intl.RelativeTime.DependencyInjection\Alrev.Intl.RelativeTime.DependencyInjection.csproj", "{BEB21D8C-55BB-4383-9B48-F52F94A9AC6D}"
EndProject
Project("{9A19103F-16F7-4668-BE54-9A1E7A4F7556}") = "Alrev.Intl.List", "packages\Alrev.Intl.List\Alrev.Intl.List.csproj", "{145AD125-F0EE-4E8A-B5E6-3E9BE654A0AB}"
EndProject
Project("{9A19103F-16F7-4668-BE54-9A1E7A4F7556}") = "Alrev.Intl.List.Tests", "tests\Alrev.Intl.List.Tests\Alrev.Intl.List.Tests.csproj", "{5F3A91CF-1DE5-4B79-8247-3D60F7F0C194}"
EndProject
Project("{2150E333-8FDC-42A3-9474-1A3956D46DE8}") = "list", "list", "{BF71186B-2DD2-4812-96D8-A5373CD3075A}"
	ProjectSection(SolutionItems) = preProject
		scripts\handlebar\list\list-resource.hbs = scripts\handlebar\list\list-resource.hbs
	EndProjectSection
EndProject
Project("{9A19103F-16F7-4668-BE54-9A1E7A4F7556}") = "Alrev.Intl.List.DependencyInjection", "packages\Alrev.Intl.List.DependencyInjection\Alrev.Intl.List.DependencyInjection.csproj", "{B7659F11-D206-4904-A202-C9A3622723CE}"
EndProject
Project("{9A19103F-16F7-4668-BE54-9A1E7A4F7556}") = "Alrev.Intl.DependencyInjection.Tests", "tests\Alrev.Intl.DependencyInjection.Tests\Alrev.Intl.DependencyInjection.Tests.csproj", "{174192BC-1896-4741-9D58-79478677F423}"
EndProject
Project("{9A19103F-16F7-4668-BE54-9A1E7A4F7556}") = "Alrev.Intl.PluralRules.Tests", "tests\Alrev.Intl.PluralRules.Tests\Alrev.Intl.PluralRules.Tests.csproj", "{28709FA0-938C-4458-9E49-60EFF891E82C}"
EndProject
Project("{FAE04EC0-301F-11D3-BF4B-00C04F79EFBC}") = "Alrev.Intl.Abstractions.Tests", "tests\Alrev.Intl.Abstractions.Tests\Alrev.Intl.Abstractions.Tests.csproj", "{5ABAFD01-67E6-4CDE-84EA-ED17178F529F}"
EndProject
Global
	GlobalSection(SolutionConfigurationPlatforms) = preSolution
		Debug|Any CPU = Debug|Any CPU
		Debug|x64 = Debug|x64
		Debug|x86 = Debug|x86
		Release|Any CPU = Release|Any CPU
		Release|x64 = Release|x64
		Release|x86 = Release|x86
	EndGlobalSection
	GlobalSection(ProjectConfigurationPlatforms) = postSolution
		{2DCC52E1-526F-4650-8077-B8405015D2B7}.Debug|Any CPU.ActiveCfg = Debug|Any CPU
		{2DCC52E1-526F-4650-8077-B8405015D2B7}.Debug|Any CPU.Build.0 = Debug|Any CPU
		{2DCC52E1-526F-4650-8077-B8405015D2B7}.Debug|x64.ActiveCfg = Debug|Any CPU
		{2DCC52E1-526F-4650-8077-B8405015D2B7}.Debug|x64.Build.0 = Debug|Any CPU
		{2DCC52E1-526F-4650-8077-B8405015D2B7}.Debug|x86.ActiveCfg = Debug|Any CPU
		{2DCC52E1-526F-4650-8077-B8405015D2B7}.Debug|x86.Build.0 = Debug|Any CPU
		{2DCC52E1-526F-4650-8077-B8405015D2B7}.Release|Any CPU.ActiveCfg = Release|Any CPU
		{2DCC52E1-526F-4650-8077-B8405015D2B7}.Release|Any CPU.Build.0 = Release|Any CPU
		{2DCC52E1-526F-4650-8077-B8405015D2B7}.Release|x64.ActiveCfg = Release|Any CPU
		{2DCC52E1-526F-4650-8077-B8405015D2B7}.Release|x64.Build.0 = Release|Any CPU
		{2DCC52E1-526F-4650-8077-B8405015D2B7}.Release|x86.ActiveCfg = Release|Any CPU
		{2DCC52E1-526F-4650-8077-B8405015D2B7}.Release|x86.Build.0 = Release|Any CPU
		{E7D1589E-1339-4188-859F-9ABBDDB34978}.Debug|Any CPU.ActiveCfg = Debug|Any CPU
		{E7D1589E-1339-4188-859F-9ABBDDB34978}.Debug|Any CPU.Build.0 = Debug|Any CPU
		{E7D1589E-1339-4188-859F-9ABBDDB34978}.Debug|x64.ActiveCfg = Debug|Any CPU
		{E7D1589E-1339-4188-859F-9ABBDDB34978}.Debug|x64.Build.0 = Debug|Any CPU
		{E7D1589E-1339-4188-859F-9ABBDDB34978}.Debug|x86.ActiveCfg = Debug|Any CPU
		{E7D1589E-1339-4188-859F-9ABBDDB34978}.Debug|x86.Build.0 = Debug|Any CPU
		{E7D1589E-1339-4188-859F-9ABBDDB34978}.Release|Any CPU.ActiveCfg = Release|Any CPU
		{E7D1589E-1339-4188-859F-9ABBDDB34978}.Release|Any CPU.Build.0 = Release|Any CPU
		{E7D1589E-1339-4188-859F-9ABBDDB34978}.Release|x64.ActiveCfg = Release|Any CPU
		{E7D1589E-1339-4188-859F-9ABBDDB34978}.Release|x64.Build.0 = Release|Any CPU
		{E7D1589E-1339-4188-859F-9ABBDDB34978}.Release|x86.ActiveCfg = Release|Any CPU
		{E7D1589E-1339-4188-859F-9ABBDDB34978}.Release|x86.Build.0 = Release|Any CPU
		{88C0A00C-47DE-4DFE-BED6-27EF398C4939}.Debug|Any CPU.ActiveCfg = Debug|Any CPU
		{88C0A00C-47DE-4DFE-BED6-27EF398C4939}.Debug|Any CPU.Build.0 = Debug|Any CPU
		{88C0A00C-47DE-4DFE-BED6-27EF398C4939}.Debug|x64.ActiveCfg = Debug|Any CPU
		{88C0A00C-47DE-4DFE-BED6-27EF398C4939}.Debug|x64.Build.0 = Debug|Any CPU
		{88C0A00C-47DE-4DFE-BED6-27EF398C4939}.Debug|x86.ActiveCfg = Debug|Any CPU
		{88C0A00C-47DE-4DFE-BED6-27EF398C4939}.Debug|x86.Build.0 = Debug|Any CPU
		{88C0A00C-47DE-4DFE-BED6-27EF398C4939}.Release|Any CPU.ActiveCfg = Release|Any CPU
		{88C0A00C-47DE-4DFE-BED6-27EF398C4939}.Release|Any CPU.Build.0 = Release|Any CPU
		{88C0A00C-47DE-4DFE-BED6-27EF398C4939}.Release|x64.ActiveCfg = Release|Any CPU
		{88C0A00C-47DE-4DFE-BED6-27EF398C4939}.Release|x64.Build.0 = Release|Any CPU
		{88C0A00C-47DE-4DFE-BED6-27EF398C4939}.Release|x86.ActiveCfg = Release|Any CPU
		{88C0A00C-47DE-4DFE-BED6-27EF398C4939}.Release|x86.Build.0 = Release|Any CPU
		{83CBAF59-8E1C-4F91-BCC0-3F4063516747}.Debug|Any CPU.ActiveCfg = Debug|Any CPU
		{83CBAF59-8E1C-4F91-BCC0-3F4063516747}.Debug|Any CPU.Build.0 = Debug|Any CPU
		{83CBAF59-8E1C-4F91-BCC0-3F4063516747}.Debug|x64.ActiveCfg = Debug|Any CPU
		{83CBAF59-8E1C-4F91-BCC0-3F4063516747}.Debug|x64.Build.0 = Debug|Any CPU
		{83CBAF59-8E1C-4F91-BCC0-3F4063516747}.Debug|x86.ActiveCfg = Debug|Any CPU
		{83CBAF59-8E1C-4F91-BCC0-3F4063516747}.Debug|x86.Build.0 = Debug|Any CPU
		{83CBAF59-8E1C-4F91-BCC0-3F4063516747}.Release|Any CPU.ActiveCfg = Release|Any CPU
		{83CBAF59-8E1C-4F91-BCC0-3F4063516747}.Release|Any CPU.Build.0 = Release|Any CPU
		{83CBAF59-8E1C-4F91-BCC0-3F4063516747}.Release|x64.ActiveCfg = Release|Any CPU
		{83CBAF59-8E1C-4F91-BCC0-3F4063516747}.Release|x64.Build.0 = Release|Any CPU
		{83CBAF59-8E1C-4F91-BCC0-3F4063516747}.Release|x86.ActiveCfg = Release|Any CPU
		{83CBAF59-8E1C-4F91-BCC0-3F4063516747}.Release|x86.Build.0 = Release|Any CPU
		{B3D1FF8E-9366-4140-A2D2-E9FC9A971D2A}.Debug|Any CPU.ActiveCfg = Debug|Any CPU
		{B3D1FF8E-9366-4140-A2D2-E9FC9A971D2A}.Debug|Any CPU.Build.0 = Debug|Any CPU
		{B3D1FF8E-9366-4140-A2D2-E9FC9A971D2A}.Debug|x64.ActiveCfg = Debug|Any CPU
		{B3D1FF8E-9366-4140-A2D2-E9FC9A971D2A}.Debug|x64.Build.0 = Debug|Any CPU
		{B3D1FF8E-9366-4140-A2D2-E9FC9A971D2A}.Debug|x86.ActiveCfg = Debug|Any CPU
		{B3D1FF8E-9366-4140-A2D2-E9FC9A971D2A}.Debug|x86.Build.0 = Debug|Any CPU
		{B3D1FF8E-9366-4140-A2D2-E9FC9A971D2A}.Release|Any CPU.ActiveCfg = Release|Any CPU
		{B3D1FF8E-9366-4140-A2D2-E9FC9A971D2A}.Release|Any CPU.Build.0 = Release|Any CPU
		{B3D1FF8E-9366-4140-A2D2-E9FC9A971D2A}.Release|x64.ActiveCfg = Release|Any CPU
		{B3D1FF8E-9366-4140-A2D2-E9FC9A971D2A}.Release|x64.Build.0 = Release|Any CPU
		{B3D1FF8E-9366-4140-A2D2-E9FC9A971D2A}.Release|x86.ActiveCfg = Release|Any CPU
		{B3D1FF8E-9366-4140-A2D2-E9FC9A971D2A}.Release|x86.Build.0 = Release|Any CPU
		{BEB21D8C-55BB-4383-9B48-F52F94A9AC6D}.Debug|Any CPU.ActiveCfg = Debug|Any CPU
		{BEB21D8C-55BB-4383-9B48-F52F94A9AC6D}.Debug|Any CPU.Build.0 = Debug|Any CPU
		{BEB21D8C-55BB-4383-9B48-F52F94A9AC6D}.Debug|x64.ActiveCfg = Debug|Any CPU
		{BEB21D8C-55BB-4383-9B48-F52F94A9AC6D}.Debug|x64.Build.0 = Debug|Any CPU
		{BEB21D8C-55BB-4383-9B48-F52F94A9AC6D}.Debug|x86.ActiveCfg = Debug|Any CPU
		{BEB21D8C-55BB-4383-9B48-F52F94A9AC6D}.Debug|x86.Build.0 = Debug|Any CPU
		{BEB21D8C-55BB-4383-9B48-F52F94A9AC6D}.Release|Any CPU.ActiveCfg = Release|Any CPU
		{BEB21D8C-55BB-4383-9B48-F52F94A9AC6D}.Release|Any CPU.Build.0 = Release|Any CPU
		{BEB21D8C-55BB-4383-9B48-F52F94A9AC6D}.Release|x64.ActiveCfg = Release|Any CPU
		{BEB21D8C-55BB-4383-9B48-F52F94A9AC6D}.Release|x64.Build.0 = Release|Any CPU
		{BEB21D8C-55BB-4383-9B48-F52F94A9AC6D}.Release|x86.ActiveCfg = Release|Any CPU
		{BEB21D8C-55BB-4383-9B48-F52F94A9AC6D}.Release|x86.Build.0 = Release|Any CPU
		{145AD125-F0EE-4E8A-B5E6-3E9BE654A0AB}.Debug|Any CPU.ActiveCfg = Debug|Any CPU
		{145AD125-F0EE-4E8A-B5E6-3E9BE654A0AB}.Debug|Any CPU.Build.0 = Debug|Any CPU
		{145AD125-F0EE-4E8A-B5E6-3E9BE654A0AB}.Debug|x64.ActiveCfg = Debug|Any CPU
		{145AD125-F0EE-4E8A-B5E6-3E9BE654A0AB}.Debug|x64.Build.0 = Debug|Any CPU
		{145AD125-F0EE-4E8A-B5E6-3E9BE654A0AB}.Debug|x86.ActiveCfg = Debug|Any CPU
		{145AD125-F0EE-4E8A-B5E6-3E9BE654A0AB}.Debug|x86.Build.0 = Debug|Any CPU
		{145AD125-F0EE-4E8A-B5E6-3E9BE654A0AB}.Release|Any CPU.ActiveCfg = Release|Any CPU
		{145AD125-F0EE-4E8A-B5E6-3E9BE654A0AB}.Release|Any CPU.Build.0 = Release|Any CPU
		{145AD125-F0EE-4E8A-B5E6-3E9BE654A0AB}.Release|x64.ActiveCfg = Release|Any CPU
		{145AD125-F0EE-4E8A-B5E6-3E9BE654A0AB}.Release|x64.Build.0 = Release|Any CPU
		{145AD125-F0EE-4E8A-B5E6-3E9BE654A0AB}.Release|x86.ActiveCfg = Release|Any CPU
		{145AD125-F0EE-4E8A-B5E6-3E9BE654A0AB}.Release|x86.Build.0 = Release|Any CPU
		{5F3A91CF-1DE5-4B79-8247-3D60F7F0C194}.Debug|Any CPU.ActiveCfg = Debug|Any CPU
		{5F3A91CF-1DE5-4B79-8247-3D60F7F0C194}.Debug|Any CPU.Build.0 = Debug|Any CPU
		{5F3A91CF-1DE5-4B79-8247-3D60F7F0C194}.Debug|x64.ActiveCfg = Debug|Any CPU
		{5F3A91CF-1DE5-4B79-8247-3D60F7F0C194}.Debug|x64.Build.0 = Debug|Any CPU
		{5F3A91CF-1DE5-4B79-8247-3D60F7F0C194}.Debug|x86.ActiveCfg = Debug|Any CPU
		{5F3A91CF-1DE5-4B79-8247-3D60F7F0C194}.Debug|x86.Build.0 = Debug|Any CPU
		{5F3A91CF-1DE5-4B79-8247-3D60F7F0C194}.Release|Any CPU.ActiveCfg = Release|Any CPU
		{5F3A91CF-1DE5-4B79-8247-3D60F7F0C194}.Release|Any CPU.Build.0 = Release|Any CPU
		{5F3A91CF-1DE5-4B79-8247-3D60F7F0C194}.Release|x64.ActiveCfg = Release|Any CPU
		{5F3A91CF-1DE5-4B79-8247-3D60F7F0C194}.Release|x64.Build.0 = Release|Any CPU
		{5F3A91CF-1DE5-4B79-8247-3D60F7F0C194}.Release|x86.ActiveCfg = Release|Any CPU
		{5F3A91CF-1DE5-4B79-8247-3D60F7F0C194}.Release|x86.Build.0 = Release|Any CPU
		{B7659F11-D206-4904-A202-C9A3622723CE}.Debug|Any CPU.ActiveCfg = Debug|Any CPU
		{B7659F11-D206-4904-A202-C9A3622723CE}.Debug|Any CPU.Build.0 = Debug|Any CPU
		{B7659F11-D206-4904-A202-C9A3622723CE}.Debug|x64.ActiveCfg = Debug|Any CPU
		{B7659F11-D206-4904-A202-C9A3622723CE}.Debug|x64.Build.0 = Debug|Any CPU
		{B7659F11-D206-4904-A202-C9A3622723CE}.Debug|x86.ActiveCfg = Debug|Any CPU
		{B7659F11-D206-4904-A202-C9A3622723CE}.Debug|x86.Build.0 = Debug|Any CPU
		{B7659F11-D206-4904-A202-C9A3622723CE}.Release|Any CPU.ActiveCfg = Release|Any CPU
		{B7659F11-D206-4904-A202-C9A3622723CE}.Release|Any CPU.Build.0 = Release|Any CPU
		{B7659F11-D206-4904-A202-C9A3622723CE}.Release|x64.ActiveCfg = Release|Any CPU
		{B7659F11-D206-4904-A202-C9A3622723CE}.Release|x64.Build.0 = Release|Any CPU
		{B7659F11-D206-4904-A202-C9A3622723CE}.Release|x86.ActiveCfg = Release|Any CPU
		{B7659F11-D206-4904-A202-C9A3622723CE}.Release|x86.Build.0 = Release|Any CPU
		{174192BC-1896-4741-9D58-79478677F423}.Debug|Any CPU.ActiveCfg = Debug|Any CPU
		{174192BC-1896-4741-9D58-79478677F423}.Debug|Any CPU.Build.0 = Debug|Any CPU
		{174192BC-1896-4741-9D58-79478677F423}.Debug|x64.ActiveCfg = Debug|Any CPU
		{174192BC-1896-4741-9D58-79478677F423}.Debug|x64.Build.0 = Debug|Any CPU
		{174192BC-1896-4741-9D58-79478677F423}.Debug|x86.ActiveCfg = Debug|Any CPU
		{174192BC-1896-4741-9D58-79478677F423}.Debug|x86.Build.0 = Debug|Any CPU
		{174192BC-1896-4741-9D58-79478677F423}.Release|Any CPU.ActiveCfg = Release|Any CPU
		{174192BC-1896-4741-9D58-79478677F423}.Release|Any CPU.Build.0 = Release|Any CPU
		{174192BC-1896-4741-9D58-79478677F423}.Release|x64.ActiveCfg = Release|Any CPU
		{174192BC-1896-4741-9D58-79478677F423}.Release|x64.Build.0 = Release|Any CPU
		{174192BC-1896-4741-9D58-79478677F423}.Release|x86.ActiveCfg = Release|Any CPU
		{174192BC-1896-4741-9D58-79478677F423}.Release|x86.Build.0 = Release|Any CPU
		{28709FA0-938C-4458-9E49-60EFF891E82C}.Debug|Any CPU.ActiveCfg = Debug|Any CPU
		{28709FA0-938C-4458-9E49-60EFF891E82C}.Debug|Any CPU.Build.0 = Debug|Any CPU
		{28709FA0-938C-4458-9E49-60EFF891E82C}.Debug|x64.ActiveCfg = Debug|Any CPU
		{28709FA0-938C-4458-9E49-60EFF891E82C}.Debug|x64.Build.0 = Debug|Any CPU
		{28709FA0-938C-4458-9E49-60EFF891E82C}.Debug|x86.ActiveCfg = Debug|Any CPU
		{28709FA0-938C-4458-9E49-60EFF891E82C}.Debug|x86.Build.0 = Debug|Any CPU
		{28709FA0-938C-4458-9E49-60EFF891E82C}.Release|Any CPU.ActiveCfg = Release|Any CPU
		{28709FA0-938C-4458-9E49-60EFF891E82C}.Release|Any CPU.Build.0 = Release|Any CPU
		{28709FA0-938C-4458-9E49-60EFF891E82C}.Release|x64.ActiveCfg = Release|Any CPU
		{28709FA0-938C-4458-9E49-60EFF891E82C}.Release|x64.Build.0 = Release|Any CPU
		{28709FA0-938C-4458-9E49-60EFF891E82C}.Release|x86.ActiveCfg = Release|Any CPU
		{28709FA0-938C-4458-9E49-60EFF891E82C}.Release|x86.Build.0 = Release|Any CPU
		{5ABAFD01-67E6-4CDE-84EA-ED17178F529F}.Debug|Any CPU.ActiveCfg = Debug|Any CPU
		{5ABAFD01-67E6-4CDE-84EA-ED17178F529F}.Debug|Any CPU.Build.0 = Debug|Any CPU
		{5ABAFD01-67E6-4CDE-84EA-ED17178F529F}.Debug|x64.ActiveCfg = Debug|Any CPU
		{5ABAFD01-67E6-4CDE-84EA-ED17178F529F}.Debug|x64.Build.0 = Debug|Any CPU
		{5ABAFD01-67E6-4CDE-84EA-ED17178F529F}.Debug|x86.ActiveCfg = Debug|Any CPU
		{5ABAFD01-67E6-4CDE-84EA-ED17178F529F}.Debug|x86.Build.0 = Debug|Any CPU
		{5ABAFD01-67E6-4CDE-84EA-ED17178F529F}.Release|Any CPU.ActiveCfg = Release|Any CPU
		{5ABAFD01-67E6-4CDE-84EA-ED17178F529F}.Release|Any CPU.Build.0 = Release|Any CPU
		{5ABAFD01-67E6-4CDE-84EA-ED17178F529F}.Release|x64.ActiveCfg = Release|Any CPU
		{5ABAFD01-67E6-4CDE-84EA-ED17178F529F}.Release|x64.Build.0 = Release|Any CPU
		{5ABAFD01-67E6-4CDE-84EA-ED17178F529F}.Release|x86.ActiveCfg = Release|Any CPU
		{5ABAFD01-67E6-4CDE-84EA-ED17178F529F}.Release|x86.Build.0 = Release|Any CPU
	EndGlobalSection
	GlobalSection(SolutionProperties) = preSolution
		HideSolutionNode = FALSE
	EndGlobalSection
	GlobalSection(NestedProjects) = preSolution
		{F4584F8C-CD5B-4E1C-B398-12AD345F5401} = {2A7316AF-04F9-4F50-8777-7D20AF5DCB0B}
		{9C7B3031-D493-4809-BB07-CCCD2BEF47E4} = {2A7316AF-04F9-4F50-8777-7D20AF5DCB0B}
		{4AB697CC-905C-4C67-9EB5-7CCBE7066A49} = {C705CF88-78B8-4261-961C-A58D605D0C24}
		{F15DAE28-D26B-4F57-8347-CB60C8ACB925} = {F4584F8C-CD5B-4E1C-B398-12AD345F5401}
		{904C4DFA-0425-446F-9D40-3036DA979091} = {F4584F8C-CD5B-4E1C-B398-12AD345F5401}
		{2DCC52E1-526F-4650-8077-B8405015D2B7} = {6E99FB7A-8DBD-4629-84F5-CDFF52315F7C}
		{E7D1589E-1339-4188-859F-9ABBDDB34978} = {1C7E5512-C051-4BC0-9B7F-0E994E5EB099}
		{88C0A00C-47DE-4DFE-BED6-27EF398C4939} = {1C7E5512-C051-4BC0-9B7F-0E994E5EB099}
		{83CBAF59-8E1C-4F91-BCC0-3F4063516747} = {1C7E5512-C051-4BC0-9B7F-0E994E5EB099}
		{A074844E-6AC9-4CE9-8FF0-69B7AE420C1A} = {C705CF88-78B8-4261-961C-A58D605D0C24}
		{B3D1FF8E-9366-4140-A2D2-E9FC9A971D2A} = {1C7E5512-C051-4BC0-9B7F-0E994E5EB099}
		{BEB21D8C-55BB-4383-9B48-F52F94A9AC6D} = {1C7E5512-C051-4BC0-9B7F-0E994E5EB099}
		{145AD125-F0EE-4E8A-B5E6-3E9BE654A0AB} = {1C7E5512-C051-4BC0-9B7F-0E994E5EB099}
		{5F3A91CF-1DE5-4B79-8247-3D60F7F0C194} = {6E99FB7A-8DBD-4629-84F5-CDFF52315F7C}
		{BF71186B-2DD2-4812-96D8-A5373CD3075A} = {F4584F8C-CD5B-4E1C-B398-12AD345F5401}
		{B7659F11-D206-4904-A202-C9A3622723CE} = {1C7E5512-C051-4BC0-9B7F-0E994E5EB099}
		{174192BC-1896-4741-9D58-79478677F423} = {6E99FB7A-8DBD-4629-84F5-CDFF52315F7C}
		{28709FA0-938C-4458-9E49-60EFF891E82C} = {6E99FB7A-8DBD-4629-84F5-CDFF52315F7C}
		{5ABAFD01-67E6-4CDE-84EA-ED17178F529F} = {6E99FB7A-8DBD-4629-84F5-CDFF52315F7C}
	EndGlobalSection
	GlobalSection(ExtensibilityGlobals) = postSolution
		SolutionGuid = {AF48C5D9-9116-4870-9836-9715330D7DD5}
	EndGlobalSection
EndGlobal
