{
  "name": "alrev-intl",
  "version": "1.0.0",
  "lockfileVersion": 1,
  "requires": true,
  "dependencies": {
    "cldr-dates-full": {
      "version": "38.1.0",
      "resolved": "https://registry.npmjs.org/cldr-dates-full/-/cldr-dates-full-38.1.0.tgz",
      "integrity": "sha512-fn/lNrkI1Rt2Fvni1Rhqp0b1pDrcFwyK7nLy+79rV7vvqfUPgwFTR7l7TMyZ8kk6sZmX+gSa4aAbn/LaTeu42w==",
      "dev": true
    }
  }
}
